
Microsoft Visual Studio Solution File, Format Version 12.00
# Visual Studio Version 16
VisualStudioVersion = 16.0.30804.86
MinimumVisualStudioVersion = 10.0.40219.1
Project("{9A19103F-16F7-4668-BE54-9A1E7A4F7556}") = "FileSorter", "FileSorter\FileSorter.csproj", "{B2129086-01DB-45E0-945C-87455303ED2B}"
EndProject
Project("{FAE04EC0-301F-11D3-BF4B-00C04F79EFBC}") = "FileGenerator", "FileGenerator\FileGenerator.csproj", "{BBE7EF2B-D41C-48F4-AFB7-D0959353D12C}"
EndProject
Global
	GlobalSection(SolutionConfigurationPlatforms) = preSolution
		Debug|Any CPU = Debug|Any CPU
		Release|Any CPU = Release|Any CPU
	EndGlobalSection
	GlobalSection(ProjectConfigurationPlatforms) = postSolution
		{B2129086-01DB-45E0-945C-87455303ED2B}.Debug|Any CPU.ActiveCfg = Debug|Any CPU
		{B2129086-01DB-45E0-945C-87455303ED2B}.Debug|Any CPU.Build.0 = Debug|Any CPU
		{B2129086-01DB-45E0-945C-87455303ED2B}.Release|Any CPU.ActiveCfg = Release|Any CPU
		{B2129086-01DB-45E0-945C-87455303ED2B}.Release|Any CPU.Build.0 = Release|Any CPU
		{BBE7EF2B-D41C-48F4-AFB7-D0959353D12C}.Debug|Any CPU.ActiveCfg = Debug|Any CPU
		{BBE7EF2B-D41C-48F4-AFB7-D0959353D12C}.Debug|Any CPU.Build.0 = Debug|Any CPU
		{BBE7EF2B-D41C-48F4-AFB7-D0959353D12C}.Release|Any CPU.ActiveCfg = Release|Any CPU
		{BBE7EF2B-D41C-48F4-AFB7-D0959353D12C}.Release|Any CPU.Build.0 = Release|Any CPU
	EndGlobalSection
	GlobalSection(SolutionProperties) = preSolution
		HideSolutionNode = FALSE
	EndGlobalSection
	GlobalSection(ExtensibilityGlobals) = postSolution
		SolutionGuid = {3B4A0718-2486-404D-9550-90DA9DDA00A0}
	EndGlobalSection
EndGlobal
